// !$*UTF8*$!
{
	archiveVersion = 1;
	classes = {
	};
	objectVersion = 50;
	objects = {

/* Begin PBXBuildFile section */
		2C047A6F22D5377200EF0C2B /* AppDelegate.swift in Sources */ = {isa = PBXBuildFile; fileRef = 2C047A6E22D5377200EF0C2B /* AppDelegate.swift */; };
		2C047A7122D5377200EF0C2B /* ViewController.swift in Sources */ = {isa = PBXBuildFile; fileRef = 2C047A7022D5377200EF0C2B /* ViewController.swift */; };
		2C047A7422D5377200EF0C2B /* Main.storyboard in Resources */ = {isa = PBXBuildFile; fileRef = 2C047A7222D5377200EF0C2B /* Main.storyboard */; };
		2C047A7622D5377300EF0C2B /* Assets.xcassets in Resources */ = {isa = PBXBuildFile; fileRef = 2C047A7522D5377300EF0C2B /* Assets.xcassets */; };
		2C047A7922D5377300EF0C2B /* LaunchScreen.storyboard in Resources */ = {isa = PBXBuildFile; fileRef = 2C047A7722D5377300EF0C2B /* LaunchScreen.storyboard */; };
		2C047A8422D5377300EF0C2B /* TestRealmTests.swift in Sources */ = {isa = PBXBuildFile; fileRef = 2C047A8322D5377300EF0C2B /* TestRealmTests.swift */; };
		2C047A8F22D5377300EF0C2B /* TestRealmUITests.swift in Sources */ = {isa = PBXBuildFile; fileRef = 2C047A8E22D5377300EF0C2B /* TestRealmUITests.swift */; };
/* End PBXBuildFile section */

/* Begin PBXContainerItemProxy section */
		2C047A8022D5377300EF0C2B /* PBXContainerItemProxy */ = {
			isa = PBXContainerItemProxy;
			containerPortal = 2C047A6322D5377200EF0C2B /* Project object */;
			proxyType = 1;
			remoteGlobalIDString = 2C047A6A22D5377200EF0C2B;
			remoteInfo = TestRealm;
		};
		2C047A8B22D5377300EF0C2B /* PBXContainerItemProxy */ = {
			isa = PBXContainerItemProxy;
			containerPortal = 2C047A6322D5377200EF0C2B /* Project object */;
			proxyType = 1;
			remoteGlobalIDString = 2C047A6A22D5377200EF0C2B;
			remoteInfo = TestRealm;
		};
/* End PBXContainerItemProxy section */

/* Begin PBXFileReference section */
		2C047A6B22D5377200EF0C2B /* TestRealm.app */ = {isa = PBXFileReference; explicitFileType = wrapper.application; includeInIndex = 0; path = TestRealm.app; sourceTree = BUILT_PRODUCTS_DIR; };
		2C047A6E22D5377200EF0C2B /* AppDelegate.swift */ = {isa = PBXFileReference; lastKnownFileType = sourcecode.swift; path = AppDelegate.swift; sourceTree = "<group>"; };
		2C047A7022D5377200EF0C2B /* ViewController.swift */ = {isa = PBXFileReference; lastKnownFileType = sourcecode.swift; path = ViewController.swift; sourceTree = "<group>"; };
		2C047A7322D5377200EF0C2B /* Base */ = {isa = PBXFileReference; lastKnownFileType = file.storyboard; name = Base; path = Base.lproj/Main.storyboard; sourceTree = "<group>"; };
		2C047A7522D5377300EF0C2B /* Assets.xcassets */ = {isa = PBXFileReference; lastKnownFileType = folder.assetcatalog; path = Assets.xcassets; sourceTree = "<group>"; };
		2C047A7822D5377300EF0C2B /* Base */ = {isa = PBXFileReference; lastKnownFileType = file.storyboard; name = Base; path = Base.lproj/LaunchScreen.storyboard; sourceTree = "<group>"; };
		2C047A7A22D5377300EF0C2B /* Info.plist */ = {isa = PBXFileReference; lastKnownFileType = text.plist.xml; path = Info.plist; sourceTree = "<group>"; };
		2C047A7F22D5377300EF0C2B /* TestRealmTests.xctest */ = {isa = PBXFileReference; explicitFileType = wrapper.cfbundle; includeInIndex = 0; path = TestRealmTests.xctest; sourceTree = BUILT_PRODUCTS_DIR; };
		2C047A8322D5377300EF0C2B /* TestRealmTests.swift */ = {isa = PBXFileReference; lastKnownFileType = sourcecode.swift; path = TestRealmTests.swift; sourceTree = "<group>"; };
		2C047A8522D5377300EF0C2B /* Info.plist */ = {isa = PBXFileReference; lastKnownFileType = text.plist.xml; path = Info.plist; sourceTree = "<group>"; };
		2C047A8A22D5377300EF0C2B /* TestRealmUITests.xctest */ = {isa = PBXFileReference; explicitFileType = wrapper.cfbundle; includeInIndex = 0; path = TestRealmUITests.xctest; sourceTree = BUILT_PRODUCTS_DIR; };
		2C047A8E22D5377300EF0C2B /* TestRealmUITests.swift */ = {isa = PBXFileReference; lastKnownFileType = sourcecode.swift; path = TestRealmUITests.swift; sourceTree = "<group>"; };
		2C047A9022D5377300EF0C2B /* Info.plist */ = {isa = PBXFileReference; lastKnownFileType = text.plist.xml; path = Info.plist; sourceTree = "<group>"; };
/* End PBXFileReference section */

/* Begin PBXFrameworksBuildPhase section */
		2C047A6822D5377200EF0C2B /* Frameworks */ = {
			isa = PBXFrameworksBuildPhase;
			buildActionMask = 2147483647;
			files = (
			);
			runOnlyForDeploymentPostprocessing = 0;
		};
		2C047A7C22D5377300EF0C2B /* Frameworks */ = {
			isa = PBXFrameworksBuildPhase;
			buildActionMask = 2147483647;
			files = (
			);
			runOnlyForDeploymentPostprocessing = 0;
		};
		2C047A8722D5377300EF0C2B /* Frameworks */ = {
			isa = PBXFrameworksBuildPhase;
			buildActionMask = 2147483647;
			files = (
			);
			runOnlyForDeploymentPostprocessing = 0;
		};
/* End PBXFrameworksBuildPhase section */

/* Begin PBXGroup section */
		2C047A6222D5377200EF0C2B = {
			isa = PBXGroup;
			children = (
				2C047A6D22D5377200EF0C2B /* TestRealm */,
				2C047A8222D5377300EF0C2B /* TestRealmTests */,
				2C047A8D22D5377300EF0C2B /* TestRealmUITests */,
				2C047A6C22D5377200EF0C2B /* Products */,
			);
			sourceTree = "<group>";
		};
		2C047A6C22D5377200EF0C2B /* Products */ = {
			isa = PBXGroup;
			children = (
				2C047A6B22D5377200EF0C2B /* TestRealm.app */,
				2C047A7F22D5377300EF0C2B /* TestRealmTests.xctest */,
				2C047A8A22D5377300EF0C2B /* TestRealmUITests.xctest */,
			);
			name = Products;
			sourceTree = "<group>";
		};
		2C047A6D22D5377200EF0C2B /* TestRealm */ = {
			isa = PBXGroup;
			children = (
				2C047A6E22D5377200EF0C2B /* AppDelegate.swift */,
				2C047A7022D5377200EF0C2B /* ViewController.swift */,
				2C047A7222D5377200EF0C2B /* Main.storyboard */,
				2C047A7522D5377300EF0C2B /* Assets.xcassets */,
				2C047A7722D5377300EF0C2B /* LaunchScreen.storyboard */,
				2C047A7A22D5377300EF0C2B /* Info.plist */,
			);
			path = TestRealm;
			sourceTree = "<group>";
		};
		2C047A8222D5377300EF0C2B /* TestRealmTests */ = {
			isa = PBXGroup;
			children = (
				2C047A8322D5377300EF0C2B /* TestRealmTests.swift */,
				2C047A8522D5377300EF0C2B /* Info.plist */,
			);
			path = TestRealmTests;
			sourceTree = "<group>";
		};
		2C047A8D22D5377300EF0C2B /* TestRealmUITests */ = {
			isa = PBXGroup;
			children = (
				2C047A8E22D5377300EF0C2B /* TestRealmUITests.swift */,
				2C047A9022D5377300EF0C2B /* Info.plist */,
			);
			path = TestRealmUITests;
			sourceTree = "<group>";
		};
/* End PBXGroup section */

/* Begin PBXNativeTarget section */
		2C047A6A22D5377200EF0C2B /* TestRealm */ = {
			isa = PBXNativeTarget;
			buildConfigurationList = 2C047A9322D5377300EF0C2B /* Build configuration list for PBXNativeTarget "TestRealm" */;
			buildPhases = (
				2C047A6722D5377200EF0C2B /* Sources */,
				2C047A6822D5377200EF0C2B /* Frameworks */,
				2C047A6922D5377200EF0C2B /* Resources */,
			);
			buildRules = (
			);
			dependencies = (
			);
			name = TestRealm;
			productName = TestRealm;
			productReference = 2C047A6B22D5377200EF0C2B /* TestRealm.app */;
			productType = "com.apple.product-type.application";
		};
		2C047A7E22D5377300EF0C2B /* TestRealmTests */ = {
			isa = PBXNativeTarget;
			buildConfigurationList = 2C047A9622D5377300EF0C2B /* Build configuration list for PBXNativeTarget "TestRealmTests" */;
			buildPhases = (
				2C047A7B22D5377300EF0C2B /* Sources */,
				2C047A7C22D5377300EF0C2B /* Frameworks */,
				2C047A7D22D5377300EF0C2B /* Resources */,
			);
			buildRules = (
			);
			dependencies = (
				2C047A8122D5377300EF0C2B /* PBXTargetDependency */,
			);
			name = TestRealmTests;
			productName = TestRealmTests;
			productReference = 2C047A7F22D5377300EF0C2B /* TestRealmTests.xctest */;
			productType = "com.apple.product-type.bundle.unit-test";
		};
		2C047A8922D5377300EF0C2B /* TestRealmUITests */ = {
			isa = PBXNativeTarget;
			buildConfigurationList = 2C047A9922D5377300EF0C2B /* Build configuration list for PBXNativeTarget "TestRealmUITests" */;
			buildPhases = (
				2C047A8622D5377300EF0C2B /* Sources */,
				2C047A8722D5377300EF0C2B /* Frameworks */,
				2C047A8822D5377300EF0C2B /* Resources */,
			);
			buildRules = (
			);
			dependencies = (
				2C047A8C22D5377300EF0C2B /* PBXTargetDependency */,
			);
			name = TestRealmUITests;
			productName = TestRealmUITests;
			productReference = 2C047A8A22D5377300EF0C2B /* TestRealmUITests.xctest */;
			productType = "com.apple.product-type.bundle.ui-testing";
		};
/* End PBXNativeTarget section */

/* Begin PBXProject section */
		2C047A6322D5377200EF0C2B /* Project object */ = {
			isa = PBXProject;
			attributes = {
				LastSwiftUpdateCheck = 1020;
				LastUpgradeCheck = 1020;
				ORGANIZATIONNAME = "Dante Solorio";
				TargetAttributes = {
					2C047A6A22D5377200EF0C2B = {
						CreatedOnToolsVersion = 10.2.1;
					};
					2C047A7E22D5377300EF0C2B = {
						CreatedOnToolsVersion = 10.2.1;
						TestTargetID = 2C047A6A22D5377200EF0C2B;
					};
					2C047A8922D5377300EF0C2B = {
						CreatedOnToolsVersion = 10.2.1;
						TestTargetID = 2C047A6A22D5377200EF0C2B;
					};
				};
			};
			buildConfigurationList = 2C047A6622D5377200EF0C2B /* Build configuration list for PBXProject "TestRealm" */;
			compatibilityVersion = "Xcode 9.3";
			developmentRegion = en;
			hasScannedForEncodings = 0;
			knownRegions = (
				en,
				Base,
			);
			mainGroup = 2C047A6222D5377200EF0C2B;
			productRefGroup = 2C047A6C22D5377200EF0C2B /* Products */;
			projectDirPath = "";
			projectRoot = "";
			targets = (
				2C047A6A22D5377200EF0C2B /* TestRealm */,
				2C047A7E22D5377300EF0C2B /* TestRealmTests */,
				2C047A8922D5377300EF0C2B /* TestRealmUITests */,
			);
		};
/* End PBXProject section */

/* Begin PBXResourcesBuildPhase section */
		2C047A6922D5377200EF0C2B /* Resources */ = {
			isa = PBXResourcesBuildPhase;
			buildActionMask = 2147483647;
			files = (
				2C047A7922D5377300EF0C2B /* LaunchScreen.storyboard in Resources */,
				2C047A7622D5377300EF0C2B /* Assets.xcassets in Resources */,
				2C047A7422D5377200EF0C2B /* Main.storyboard in Resources */,
			);
			runOnlyForDeploymentPostprocessing = 0;
		};
		2C047A7D22D5377300EF0C2B /* Resources */ = {
			isa = PBXResourcesBuildPhase;
			buildActionMask = 2147483647;
			files = (
			);
			runOnlyForDeploymentPostprocessing = 0;
		};
		2C047A8822D5377300EF0C2B /* Resources */ = {
			isa = PBXResourcesBuildPhase;
			buildActionMask = 2147483647;
			files = (
			);
			runOnlyForDeploymentPostprocessing = 0;
		};
/* End PBXResourcesBuildPhase section */

/* Begin PBXSourcesBuildPhase section */
		2C047A6722D5377200EF0C2B /* Sources */ = {
			isa = PBXSourcesBuildPhase;
			buildActionMask = 2147483647;
			files = (
				2C047A7122D5377200EF0C2B /* ViewController.swift in Sources */,
				2C047A6F22D5377200EF0C2B /* AppDelegate.swift in Sources */,
			);
			runOnlyForDeploymentPostprocessing = 0;
		};
		2C047A7B22D5377300EF0C2B /* Sources */ = {
			isa = PBXSourcesBuildPhase;
			buildActionMask = 2147483647;
			files = (
				2C047A8422D5377300EF0C2B /* TestRealmTests.swift in Sources */,
			);
			runOnlyForDeploymentPostprocessing = 0;
		};
		2C047A8622D5377300EF0C2B /* Sources */ = {
			isa = PBXSourcesBuildPhase;
			buildActionMask = 2147483647;
			files = (
				2C047A8F22D5377300EF0C2B /* TestRealmUITests.swift in Sources */,
			);
			runOnlyForDeploymentPostprocessing = 0;
		};
/* End PBXSourcesBuildPhase section */

/* Begin PBXTargetDependency section */
		2C047A8122D5377300EF0C2B /* PBXTargetDependency */ = {
			isa = PBXTargetDependency;
			target = 2C047A6A22D5377200EF0C2B /* TestRealm */;
			targetProxy = 2C047A8022D5377300EF0C2B /* PBXContainerItemProxy */;
		};
		2C047A8C22D5377300EF0C2B /* PBXTargetDependency */ = {
			isa = PBXTargetDependency;
			target = 2C047A6A22D5377200EF0C2B /* TestRealm */;
			targetProxy = 2C047A8B22D5377300EF0C2B /* PBXContainerItemProxy */;
		};
/* End PBXTargetDependency section */

/* Begin PBXVariantGroup section */
		2C047A7222D5377200EF0C2B /* Main.storyboard */ = {
			isa = PBXVariantGroup;
			children = (
				2C047A7322D5377200EF0C2B /* Base */,
			);
			name = Main.storyboard;
			sourceTree = "<group>";
		};
		2C047A7722D5377300EF0C2B /* LaunchScreen.storyboard */ = {
			isa = PBXVariantGroup;
			children = (
				2C047A7822D5377300EF0C2B /* Base */,
			);
			name = LaunchScreen.storyboard;
			sourceTree = "<group>";
		};
/* End PBXVariantGroup section */

/* Begin XCBuildConfiguration section */
		2C047A9122D5377300EF0C2B /* Debug */ = {
			isa = XCBuildConfiguration;
			buildSettings = {
				ALWAYS_SEARCH_USER_PATHS = NO;
				CLANG_ANALYZER_NONNULL = YES;
				CLANG_ANALYZER_NUMBER_OBJECT_CONVERSION = YES_AGGRESSIVE;
				CLANG_CXX_LANGUAGE_STANDARD = "gnu++14";
				CLANG_CXX_LIBRARY = "libc++";
				CLANG_ENABLE_MODULES = YES;
				CLANG_ENABLE_OBJC_ARC = YES;
				CLANG_ENABLE_OBJC_WEAK = YES;
				CLANG_WARN_BLOCK_CAPTURE_AUTORELEASING = YES;
				CLANG_WARN_BOOL_CONVERSION = YES;
				CLANG_WARN_COMMA = YES;
				CLANG_WARN_CONSTANT_CONVERSION = YES;
				CLANG_WARN_DEPRECATED_OBJC_IMPLEMENTATIONS = YES;
				CLANG_WARN_DIRECT_OBJC_ISA_USAGE = YES_ERROR;
				CLANG_WARN_DOCUMENTATION_COMMENTS = YES;
				CLANG_WARN_EMPTY_BODY = YES;
				CLANG_WARN_ENUM_CONVERSION = YES;
				CLANG_WARN_INFINITE_RECURSION = YES;
				CLANG_WARN_INT_CONVERSION = YES;
				CLANG_WARN_NON_LITERAL_NULL_CONVERSION = YES;
				CLANG_WARN_OBJC_IMPLICIT_RETAIN_SELF = YES;
				CLANG_WARN_OBJC_LITERAL_CONVERSION = YES;
				CLANG_WARN_OBJC_ROOT_CLASS = YES_ERROR;
				CLANG_WARN_RANGE_LOOP_ANALYSIS = YES;
				CLANG_WARN_STRICT_PROTOTYPES = YES;
				CLANG_WARN_SUSPICIOUS_MOVE = YES;
				CLANG_WARN_UNGUARDED_AVAILABILITY = YES_AGGRESSIVE;
				CLANG_WARN_UNREACHABLE_CODE = YES;
				CLANG_WARN__DUPLICATE_METHOD_MATCH = YES;
				CODE_SIGN_IDENTITY = "iPhone Developer";
				COPY_PHASE_STRIP = NO;
				DEBUG_INFORMATION_FORMAT = dwarf;
				ENABLE_STRICT_OBJC_MSGSEND = YES;
				ENABLE_TESTABILITY = YES;
				GCC_C_LANGUAGE_STANDARD = gnu11;
				GCC_DYNAMIC_NO_PIC = NO;
				GCC_NO_COMMON_BLOCKS = YES;
				GCC_OPTIMIZATION_LEVEL = 0;
				GCC_PREPROCESSOR_DEFINITIONS = (
					"DEBUG=1",
					"$(inherited)",
				);
				GCC_WARN_64_TO_32_BIT_CONVERSION = YES;
				GCC_WARN_ABOUT_RETURN_TYPE = YES_ERROR;
				GCC_WARN_UNDECLARED_SELECTOR = YES;
				GCC_WARN_UNINITIALIZED_AUTOS = YES_AGGRESSIVE;
				GCC_WARN_UNUSED_FUNCTION = YES;
				GCC_WARN_UNUSED_VARIABLE = YES;
				IPHONEOS_DEPLOYMENT_TARGET = 12.2;
				MTL_ENABLE_DEBUG_INFO = INCLUDE_SOURCE;
				MTL_FAST_MATH = YES;
				ONLY_ACTIVE_ARCH = YES;
				SDKROOT = iphoneos;
				SWIFT_ACTIVE_COMPILATION_CONDITIONS = DEBUG;
				SWIFT_OPTIMIZATION_LEVEL = "-Onone";
			};
			name = Debug;
		};
		2C047A9222D5377300EF0C2B /* Release */ = {
			isa = XCBuildConfiguration;
			buildSettings = {
				ALWAYS_SEARCH_USER_PATHS = NO;
				CLANG_ANALYZER_NONNULL = YES;
				CLANG_ANALYZER_NUMBER_OBJECT_CONVERSION = YES_AGGRESSIVE;
				CLANG_CXX_LANGUAGE_STANDARD = "gnu++14";
				CLANG_CXX_LIBRARY = "libc++";
				CLANG_ENABLE_MODULES = YES;
				CLANG_ENABLE_OBJC_ARC = YES;
				CLANG_ENABLE_OBJC_WEAK = YES;
				CLANG_WARN_BLOCK_CAPTURE_AUTORELEASING = YES;
				CLANG_WARN_BOOL_CONVERSION = YES;
				CLANG_WARN_COMMA = YES;
				CLANG_WARN_CONSTANT_CONVERSION = YES;
				CLANG_WARN_DEPRECATED_OBJC_IMPLEMENTATIONS = YES;
				CLANG_WARN_DIRECT_OBJC_ISA_USAGE = YES_ERROR;
				CLANG_WARN_DOCUMENTATION_COMMENTS = YES;
				CLANG_WARN_EMPTY_BODY = YES;
				CLANG_WARN_ENUM_CONVERSION = YES;
				CLANG_WARN_INFINITE_RECURSION = YES;
				CLANG_WARN_INT_CONVERSION = YES;
				CLANG_WARN_NON_LITERAL_NULL_CONVERSION = YES;
				CLANG_WARN_OBJC_IMPLICIT_RETAIN_SELF = YES;
				CLANG_WARN_OBJC_LITERAL_CONVERSION = YES;
				CLANG_WARN_OBJC_ROOT_CLASS = YES_ERROR;
				CLANG_WARN_RANGE_LOOP_ANALYSIS = YES;
				CLANG_WARN_STRICT_PROTOTYPES = YES;
				CLANG_WARN_SUSPICIOUS_MOVE = YES;
				CLANG_WARN_UNGUARDED_AVAILABILITY = YES_AGGRESSIVE;
				CLANG_WARN_UNREACHABLE_CODE = YES;
				CLANG_WARN__DUPLICATE_METHOD_MATCH = YES;
				CODE_SIGN_IDENTITY = "iPhone Developer";
				COPY_PHASE_STRIP = NO;
				DEBUG_INFORMATION_FORMAT = "dwarf-with-dsym";
				ENABLE_NS_ASSERTIONS = NO;
				ENABLE_STRICT_OBJC_MSGSEND = YES;
				GCC_C_LANGUAGE_STANDARD = gnu11;
				GCC_NO_COMMON_BLOCKS = YES;
				GCC_WARN_64_TO_32_BIT_CONVERSION = YES;
				GCC_WARN_ABOUT_RETURN_TYPE = YES_ERROR;
				GCC_WARN_UNDECLARED_SELECTOR = YES;
				GCC_WARN_UNINITIALIZED_AUTOS = YES_AGGRESSIVE;
				GCC_WARN_UNUSED_FUNCTION = YES;
				GCC_WARN_UNUSED_VARIABLE = YES;
				IPHONEOS_DEPLOYMENT_TARGET = 12.2;
				MTL_ENABLE_DEBUG_INFO = NO;
				MTL_FAST_MATH = YES;
				SDKROOT = iphoneos;
				SWIFT_COMPILATION_MODE = wholemodule;
				SWIFT_OPTIMIZATION_LEVEL = "-O";
				VALIDATE_PRODUCT = YES;
			};
			name = Release;
		};
		2C047A9422D5377300EF0C2B /* Debug */ = {
			isa = XCBuildConfiguration;
			buildSettings = {
				ASSETCATALOG_COMPILER_APPICON_NAME = AppIcon;
				CODE_SIGN_STYLE = Automatic;
				INFOPLIST_FILE = TestRealm/Info.plist;
				LD_RUNPATH_SEARCH_PATHS = (
					"$(inherited)",
					"@executable_path/Frameworks",
				);
				PRODUCT_BUNDLE_IDENTIFIER = com.dasoga.TestRealm;
				PRODUCT_NAME = "$(TARGET_NAME)";
				SWIFT_VERSION = 5.0;
				TARGETED_DEVICE_FAMILY = "1,2";
			};
			name = Debug;
		};
		2C047A9522D5377300EF0C2B /* Release */ = {
			isa = XCBuildConfiguration;
			buildSettings = {
				ASSETCATALOG_COMPILER_APPICON_NAME = AppIcon;
				CODE_SIGN_STYLE = Automatic;
				INFOPLIST_FILE = TestRealm/Info.plist;
				LD_RUNPATH_SEARCH_PATHS = (
					"$(inherited)",
					"@executable_path/Frameworks",
				);
				PRODUCT_BUNDLE_IDENTIFIER = com.dasoga.TestRealm;
				PRODUCT_NAME = "$(TARGET_NAME)";
				SWIFT_VERSION = 5.0;
				TARGETED_DEVICE_FAMILY = "1,2";
			};
			name = Release;
		};
		2C047A9722D5377300EF0C2B /* Debug */ = {
			isa = XCBuildConfiguration;
			buildSettings = {
				ALWAYS_EMBED_SWIFT_STANDARD_LIBRARIES = YES;
				BUNDLE_LOADER = "$(TEST_HOST)";
				CODE_SIGN_STYLE = Automatic;
				INFOPLIST_FILE = TestRealmTests/Info.plist;
				LD_RUNPATH_SEARCH_PATHS = (
					"$(inherited)",
					"@executable_path/Frameworks",
					"@loader_path/Frameworks",
				);
				PRODUCT_BUNDLE_IDENTIFIER = com.dasoga.TestRealmTests;
				PRODUCT_NAME = "$(TARGET_NAME)";
				SWIFT_VERSION = 5.0;
				TARGETED_DEVICE_FAMILY = "1,2";
				TEST_HOST = "$(BUILT_PRODUCTS_DIR)/TestRealm.app/TestRealm";
			};
			name = Debug;
		};
		2C047A9822D5377300EF0C2B /* Release */ = {
			isa = XCBuildConfiguration;
			buildSettings = {
				ALWAYS_EMBED_SWIFT_STANDARD_LIBRARIES = YES;
				BUNDLE_LOADER = "$(TEST_HOST)";
				CODE_SIGN_STYLE = Automatic;
				INFOPLIST_FILE = TestRealmTests/Info.plist;
				LD_RUNPATH_SEARCH_PATHS = (
					"$(inherited)",
					"@executable_path/Frameworks",
					"@loader_path/Frameworks",
				);
				PRODUCT_BUNDLE_IDENTIFIER = com.dasoga.TestRealmTests;
				PRODUCT_NAME = "$(TARGET_NAME)";
				SWIFT_VERSION = 5.0;
				TARGETED_DEVICE_FAMILY = "1,2";
				TEST_HOST = "$(BUILT_PRODUCTS_DIR)/TestRealm.app/TestRealm";
			};
			name = Release;
		};
		2C047A9A22D5377300EF0C2B /* Debug */ = {
			isa = XCBuildConfiguration;
			buildSettings = {
				ALWAYS_EMBED_SWIFT_STANDARD_LIBRARIES = YES;
				CODE_SIGN_STYLE = Automatic;
				INFOPLIST_FILE = TestRealmUITests/Info.plist;
				LD_RUNPATH_SEARCH_PATHS = (
					"$(inherited)",
					"@executable_path/Frameworks",
					"@loader_path/Frameworks",
				);
				PRODUCT_BUNDLE_IDENTIFIER = com.dasoga.TestRealmUITests;
				PRODUCT_NAME = "$(TARGET_NAME)";
				SWIFT_VERSION = 5.0;
				TARGETED_DEVICE_FAMILY = "1,2";
				TEST_TARGET_NAME = TestRealm;
			};
			name = Debug;
		};
		2C047A9B22D5377300EF0C2B /* Release */ = {
			isa = XCBuildConfiguration;
			buildSettings = {
				ALWAYS_EMBED_SWIFT_STANDARD_LIBRARIES = YES;
				CODE_SIGN_STYLE = Automatic;
				INFOPLIST_FILE = TestRealmUITests/Info.plist;
				LD_RUNPATH_SEARCH_PATHS = (
					"$(inherited)",
					"@executable_path/Frameworks",
					"@loader_path/Frameworks",
				);
				PRODUCT_BUNDLE_IDENTIFIER = com.dasoga.TestRealmUITests;
				PRODUCT_NAME = "$(TARGET_NAME)";
				SWIFT_VERSION = 5.0;
				TARGETED_DEVICE_FAMILY = "1,2";
				TEST_TARGET_NAME = TestRealm;
			};
			name = Release;
		};
/* End XCBuildConfiguration section */

/* Begin XCConfigurationList section */
		2C047A6622D5377200EF0C2B /* Build configuration list for PBXProject "TestRealm" */ = {
			isa = XCConfigurationList;
			buildConfigurations = (
				2C047A9122D5377300EF0C2B /* Debug */,
				2C047A9222D5377300EF0C2B /* Release */,
			);
			defaultConfigurationIsVisible = 0;
			defaultConfigurationName = Release;
		};
		2C047A9322D5377300EF0C2B /* Build configuration list for PBXNativeTarget "TestRealm" */ = {
			isa = XCConfigurationList;
			buildConfigurations = (
				2C047A9422D5377300EF0C2B /* Debug */,
				2C047A9522D5377300EF0C2B /* Release */,
			);
			defaultConfigurationIsVisible = 0;
			defaultConfigurationName = Release;
		};
		2C047A9622D5377300EF0C2B /* Build configuration list for PBXNativeTarget "TestRealmTests" */ = {
			isa = XCConfigurationList;
			buildConfigurations = (
				2C047A9722D5377300EF0C2B /* Debug */,
				2C047A9822D5377300EF0C2B /* Release */,
			);
			defaultConfigurationIsVisible = 0;
			defaultConfigurationName = Release;
		};
		2C047A9922D5377300EF0C2B /* Build configuration list for PBXNativeTarget "TestRealmUITests" */ = {
			isa = XCConfigurationList;
			buildConfigurations = (
				2C047A9A22D5377300EF0C2B /* Debug */,
				2C047A9B22D5377300EF0C2B /* Release */,
			);
			defaultConfigurationIsVisible = 0;
			defaultConfigurationName = Release;
		};
/* End XCConfigurationList section */
	};
	rootObject = 2C047A6322D5377200EF0C2B /* Project object */;
}
