// !$*UTF8*$!
{
	archiveVersion = 1;
	classes = {
	};
	objectVersion = 50;
	objects = {

/* Begin PBXBuildFile section */
		2C047A6F22D5377200EF0C2B /* AppDelegate.swift in Sources */ = {isa = PBXBuildFile; fileRef = 2C047A6E22D5377200EF0C2B /* AppDelegate.swift */; };
		2C047A7122D5377200EF0C2B /* ViewController.swift in Sources */ = {isa = PBXBuildFile; fileRef = 2C047A7022D5377200EF0C2B /* ViewController.swift */; };
		2C047A7422D5377200EF0C2B /* Main.storyboard in Resources */ = {isa = PBXBuildFile; fileRef = 2C047A7222D5377200EF0C2B /* Main.storyboard */; };
		2C047A7622D5377300EF0C2B /* Assets.xcassets in Resources */ = {isa = PBXBuildFile; fileRef = 2C047A7522D5377300EF0C2B /* Assets.xcassets */; };
		2C047A7922D5377300EF0C2B /* LaunchScreen.storyboard in Resources */ = {isa = PBXBuildFile; fileRef = 2C047A7722D5377300EF0C2B /* LaunchScreen.storyboard */; };
		2C047A8422D5377300EF0C2B /* TestRealmTests.swift in Sources */ = {isa = PBXBuildFile; fileRef = 2C047A8322D5377300EF0C2B /* TestRealmTests.swift */; };
		2C047A8F22D5377300EF0C2B /* TestRealmUITests.swift in Sources */ = {isa = PBXBuildFile; fileRef = 2C047A8E22D5377300EF0C2B /* TestRealmUITests.swift */; };
		2C474D2D22D53AA5009F1A77 /* User.swift in Sources */ = {isa = PBXBuildFile; fileRef = 2C474D2C22D53AA5009F1A77 /* User.swift */; };
		2C474D2F22D53B77009F1A77 /* Todo.swift in Sources */ = {isa = PBXBuildFile; fileRef = 2C474D2E22D53B77009F1A77 /* Todo.swift */; };
		2C5A011422D596F800FDC49B /* RealmProvider.swift in Sources */ = {isa = PBXBuildFile; fileRef = 2C5A011322D596F700FDC49B /* RealmProvider.swift */; };
		7DFD1C3D0EC4D4F78DF3A165 /* Pods_TestRealmUITests.framework in Frameworks */ = {isa = PBXBuildFile; fileRef = 218F145CD39427CA560B3593 /* Pods_TestRealmUITests.framework */; };
		919DE605DE7A8B099A67037D /* Pods_TestRealmTests.framework in Frameworks */ = {isa = PBXBuildFile; fileRef = 7B9AC4B10BBE960E0567BD4D /* Pods_TestRealmTests.framework */; };
		956D43B79BF50CBC3711254E /* Pods_TestRealm.framework in Frameworks */ = {isa = PBXBuildFile; fileRef = B325527EFC73183ACECF956A /* Pods_TestRealm.framework */; };
/* End PBXBuildFile section */

/* Begin PBXContainerItemProxy section */
		2C047A8022D5377300EF0C2B /* PBXContainerItemProxy */ = {
			isa = PBXContainerItemProxy;
			containerPortal = 2C047A6322D5377200EF0C2B /* Project object */;
			proxyType = 1;
			remoteGlobalIDString = 2C047A6A22D5377200EF0C2B;
			remoteInfo = TestRealm;
		};
		2C047A8B22D5377300EF0C2B /* PBXContainerItemProxy */ = {
			isa = PBXContainerItemProxy;
			containerPortal = 2C047A6322D5377200EF0C2B /* Project object */;
			proxyType = 1;
			remoteGlobalIDString = 2C047A6A22D5377200EF0C2B;
			remoteInfo = TestRealm;
		};
/* End PBXContainerItemProxy section */

/* Begin PBXFileReference section */
		218F145CD39427CA560B3593 /* Pods_TestRealmUITests.framework */ = {isa = PBXFileReference; explicitFileType = wrapper.framework; includeInIndex = 0; path = Pods_TestRealmUITests.framework; sourceTree = BUILT_PRODUCTS_DIR; };
		252C07F6C5E7F6CE1E7C249B /* Pods-TestRealmUITests.release.xcconfig */ = {isa = PBXFileReference; includeInIndex = 1; lastKnownFileType = text.xcconfig; name = "Pods-TestRealmUITests.release.xcconfig"; path = "Pods/Target Support Files/Pods-TestRealmUITests/Pods-TestRealmUITests.release.xcconfig"; sourceTree = "<group>"; };
		2C047A6B22D5377200EF0C2B /* TestRealm.app */ = {isa = PBXFileReference; explicitFileType = wrapper.application; includeInIndex = 0; path = TestRealm.app; sourceTree = BUILT_PRODUCTS_DIR; };
		2C047A6E22D5377200EF0C2B /* AppDelegate.swift */ = {isa = PBXFileReference; lastKnownFileType = sourcecode.swift; path = AppDelegate.swift; sourceTree = "<group>"; };
		2C047A7022D5377200EF0C2B /* ViewController.swift */ = {isa = PBXFileReference; lastKnownFileType = sourcecode.swift; path = ViewController.swift; sourceTree = "<group>"; };
		2C047A7322D5377200EF0C2B /* Base */ = {isa = PBXFileReference; lastKnownFileType = file.storyboard; name = Base; path = Base.lproj/Main.storyboard; sourceTree = "<group>"; };
		2C047A7522D5377300EF0C2B /* Assets.xcassets */ = {isa = PBXFileReference; lastKnownFileType = folder.assetcatalog; path = Assets.xcassets; sourceTree = "<group>"; };
		2C047A7822D5377300EF0C2B /* Base */ = {isa = PBXFileReference; lastKnownFileType = file.storyboard; name = Base; path = Base.lproj/LaunchScreen.storyboard; sourceTree = "<group>"; };
		2C047A7A22D5377300EF0C2B /* Info.plist */ = {isa = PBXFileReference; lastKnownFileType = text.plist.xml; path = Info.plist; sourceTree = "<group>"; };
		2C047A7F22D5377300EF0C2B /* TestRealmTests.xctest */ = {isa = PBXFileReference; explicitFileType = wrapper.cfbundle; includeInIndex = 0; path = TestRealmTests.xctest; sourceTree = BUILT_PRODUCTS_DIR; };
		2C047A8322D5377300EF0C2B /* TestRealmTests.swift */ = {isa = PBXFileReference; lastKnownFileType = sourcecode.swift; path = TestRealmTests.swift; sourceTree = "<group>"; };
		2C047A8522D5377300EF0C2B /* Info.plist */ = {isa = PBXFileReference; lastKnownFileType = text.plist.xml; path = Info.plist; sourceTree = "<group>"; };
		2C047A8A22D5377300EF0C2B /* TestRealmUITests.xctest */ = {isa = PBXFileReference; explicitFileType = wrapper.cfbundle; includeInIndex = 0; path = TestRealmUITests.xctest; sourceTree = BUILT_PRODUCTS_DIR; };
		2C047A8E22D5377300EF0C2B /* TestRealmUITests.swift */ = {isa = PBXFileReference; lastKnownFileType = sourcecode.swift; path = TestRealmUITests.swift; sourceTree = "<group>"; };
		2C047A9022D5377300EF0C2B /* Info.plist */ = {isa = PBXFileReference; lastKnownFileType = text.plist.xml; path = Info.plist; sourceTree = "<group>"; };
		2C474D2C22D53AA5009F1A77 /* User.swift */ = {isa = PBXFileReference; lastKnownFileType = sourcecode.swift; path = User.swift; sourceTree = "<group>"; };
		2C474D2E22D53B77009F1A77 /* Todo.swift */ = {isa = PBXFileReference; lastKnownFileType = sourcecode.swift; path = Todo.swift; sourceTree = "<group>"; };
		2C5A011322D596F700FDC49B /* RealmProvider.swift */ = {isa = PBXFileReference; fileEncoding = 4; lastKnownFileType = sourcecode.swift; path = RealmProvider.swift; sourceTree = "<group>"; };
		34CD667EA471F404ECB5DCBD /* Pods-TestRealm.release.xcconfig */ = {isa = PBXFileReference; includeInIndex = 1; lastKnownFileType = text.xcconfig; name = "Pods-TestRealm.release.xcconfig"; path = "Pods/Target Support Files/Pods-TestRealm/Pods-TestRealm.release.xcconfig"; sourceTree = "<group>"; };
		7B9AC4B10BBE960E0567BD4D /* Pods_TestRealmTests.framework */ = {isa = PBXFileReference; explicitFileType = wrapper.framework; includeInIndex = 0; path = Pods_TestRealmTests.framework; sourceTree = BUILT_PRODUCTS_DIR; };
		967D39D12C9A3454C47C4618 /* Pods-TestRealm.debug.xcconfig */ = {isa = PBXFileReference; includeInIndex = 1; lastKnownFileType = text.xcconfig; name = "Pods-TestRealm.debug.xcconfig"; path = "Pods/Target Support Files/Pods-TestRealm/Pods-TestRealm.debug.xcconfig"; sourceTree = "<group>"; };
		A8BB9EE0A4A9523DADC4A5E6 /* Pods-TestRealmTests.debug.xcconfig */ = {isa = PBXFileReference; includeInIndex = 1; lastKnownFileType = text.xcconfig; name = "Pods-TestRealmTests.debug.xcconfig"; path = "Pods/Target Support Files/Pods-TestRealmTests/Pods-TestRealmTests.debug.xcconfig"; sourceTree = "<group>"; };
		B325527EFC73183ACECF956A /* Pods_TestRealm.framework */ = {isa = PBXFileReference; explicitFileType = wrapper.framework; includeInIndex = 0; path = Pods_TestRealm.framework; sourceTree = BUILT_PRODUCTS_DIR; };
		C1C821E0A94A52045BEAB2F5 /* Pods-TestRealmTests.release.xcconfig */ = {isa = PBXFileReference; includeInIndex = 1; lastKnownFileType = text.xcconfig; name = "Pods-TestRealmTests.release.xcconfig"; path = "Pods/Target Support Files/Pods-TestRealmTests/Pods-TestRealmTests.release.xcconfig"; sourceTree = "<group>"; };
		D2CC0D525C698A89DF2A6C96 /* Pods-TestRealmUITests.debug.xcconfig */ = {isa = PBXFileReference; includeInIndex = 1; lastKnownFileType = text.xcconfig; name = "Pods-TestRealmUITests.debug.xcconfig"; path = "Pods/Target Support Files/Pods-TestRealmUITests/Pods-TestRealmUITests.debug.xcconfig"; sourceTree = "<group>"; };
/* End PBXFileReference section */

/* Begin PBXFrameworksBuildPhase section */
		2C047A6822D5377200EF0C2B /* Frameworks */ = {
			isa = PBXFrameworksBuildPhase;
			buildActionMask = 2147483647;
			files = (
				956D43B79BF50CBC3711254E /* Pods_TestRealm.framework in Frameworks */,
			);
			runOnlyForDeploymentPostprocessing = 0;
		};
		2C047A7C22D5377300EF0C2B /* Frameworks */ = {
			isa = PBXFrameworksBuildPhase;
			buildActionMask = 2147483647;
			files = (
				919DE605DE7A8B099A67037D /* Pods_TestRealmTests.framework in Frameworks */,
			);
			runOnlyForDeploymentPostprocessing = 0;
		};
		2C047A8722D5377300EF0C2B /* Frameworks */ = {
			isa = PBXFrameworksBuildPhase;
			buildActionMask = 2147483647;
			files = (
				7DFD1C3D0EC4D4F78DF3A165 /* Pods_TestRealmUITests.framework in Frameworks */,
			);
			runOnlyForDeploymentPostprocessing = 0;
		};
/* End PBXFrameworksBuildPhase section */

/* Begin PBXGroup section */
		2C047A6222D5377200EF0C2B = {
			isa = PBXGroup;
			children = (
				2C047A6D22D5377200EF0C2B /* TestRealm */,
				2C047A8222D5377300EF0C2B /* TestRealmTests */,
				2C047A8D22D5377300EF0C2B /* TestRealmUITests */,
				2C047A6C22D5377200EF0C2B /* Products */,
				6666EBAB0EDB70737E90D1FC /* Pods */,
				FAF3C4E73EAC8D6E2A38797B /* Frameworks */,
			);
			sourceTree = "<group>";
		};
		2C047A6C22D5377200EF0C2B /* Products */ = {
			isa = PBXGroup;
			children = (
				2C047A6B22D5377200EF0C2B /* TestRealm.app */,
				2C047A7F22D5377300EF0C2B /* TestRealmTests.xctest */,
				2C047A8A22D5377300EF0C2B /* TestRealmUITests.xctest */,
			);
			name = Products;
			sourceTree = "<group>";
		};
		2C047A6D22D5377200EF0C2B /* TestRealm */ = {
			isa = PBXGroup;
			children = (
				2C474D2B22D53A98009F1A77 /* Model */,
				2C047A6E22D5377200EF0C2B /* AppDelegate.swift */,
				2C047A7022D5377200EF0C2B /* ViewController.swift */,
				2C047A7222D5377200EF0C2B /* Main.storyboard */,
				2C047A7522D5377300EF0C2B /* Assets.xcassets */,
				2C047A7722D5377300EF0C2B /* LaunchScreen.storyboard */,
				2C047A7A22D5377300EF0C2B /* Info.plist */,
				2C5A011322D596F700FDC49B /* RealmProvider.swift */,
			);
			path = TestRealm;
			sourceTree = "<group>";
		};
		2C047A8222D5377300EF0C2B /* TestRealmTests */ = {
			isa = PBXGroup;
			children = (
				2C047A8322D5377300EF0C2B /* TestRealmTests.swift */,
				2C047A8522D5377300EF0C2B /* Info.plist */,
			);
			path = TestRealmTests;
			sourceTree = "<group>";
		};
		2C047A8D22D5377300EF0C2B /* TestRealmUITests */ = {
			isa = PBXGroup;
			children = (
				2C047A8E22D5377300EF0C2B /* TestRealmUITests.swift */,
				2C047A9022D5377300EF0C2B /* Info.plist */,
			);
			path = TestRealmUITests;
			sourceTree = "<group>";
		};
		2C474D2B22D53A98009F1A77 /* Model */ = {
			isa = PBXGroup;
			children = (
				2C474D2C22D53AA5009F1A77 /* User.swift */,
				2C474D2E22D53B77009F1A77 /* Todo.swift */,
			);
			path = Model;
			sourceTree = "<group>";
		};
		6666EBAB0EDB70737E90D1FC /* Pods */ = {
			isa = PBXGroup;
			children = (
				967D39D12C9A3454C47C4618 /* Pods-TestRealm.debug.xcconfig */,
				34CD667EA471F404ECB5DCBD /* Pods-TestRealm.release.xcconfig */,
				A8BB9EE0A4A9523DADC4A5E6 /* Pods-TestRealmTests.debug.xcconfig */,
				C1C821E0A94A52045BEAB2F5 /* Pods-TestRealmTests.release.xcconfig */,
				D2CC0D525C698A89DF2A6C96 /* Pods-TestRealmUITests.debug.xcconfig */,
				252C07F6C5E7F6CE1E7C249B /* Pods-TestRealmUITests.release.xcconfig */,
			);
			name = Pods;
			sourceTree = "<group>";
		};
		FAF3C4E73EAC8D6E2A38797B /* Frameworks */ = {
			isa = PBXGroup;
			children = (
				B325527EFC73183ACECF956A /* Pods_TestRealm.framework */,
				7B9AC4B10BBE960E0567BD4D /* Pods_TestRealmTests.framework */,
				218F145CD39427CA560B3593 /* Pods_TestRealmUITests.framework */,
			);
			name = Frameworks;
			sourceTree = "<group>";
		};
/* End PBXGroup section */

/* Begin PBXNativeTarget section */
		2C047A6A22D5377200EF0C2B /* TestRealm */ = {
			isa = PBXNativeTarget;
			buildConfigurationList = 2C047A9322D5377300EF0C2B /* Build configuration list for PBXNativeTarget "TestRealm" */;
			buildPhases = (
				2512A26C35D97B81A4979EDC /* [CP] Check Pods Manifest.lock */,
				2C047A6722D5377200EF0C2B /* Sources */,
				2C047A6822D5377200EF0C2B /* Frameworks */,
				2C047A6922D5377200EF0C2B /* Resources */,
				F7AA149BE66AB461AB0DC1D9 /* [CP] Embed Pods Frameworks */,
			);
			buildRules = (
			);
			dependencies = (
			);
			name = TestRealm;
			productName = TestRealm;
			productReference = 2C047A6B22D5377200EF0C2B /* TestRealm.app */;
			productType = "com.apple.product-type.application";
		};
		2C047A7E22D5377300EF0C2B /* TestRealmTests */ = {
			isa = PBXNativeTarget;
			buildConfigurationList = 2C047A9622D5377300EF0C2B /* Build configuration list for PBXNativeTarget "TestRealmTests" */;
			buildPhases = (
				E9277F2152AE23AAD61C4B8A /* [CP] Check Pods Manifest.lock */,
				2C047A7B22D5377300EF0C2B /* Sources */,
				2C047A7C22D5377300EF0C2B /* Frameworks */,
				2C047A7D22D5377300EF0C2B /* Resources */,
			);
			buildRules = (
			);
			dependencies = (
				2C047A8122D5377300EF0C2B /* PBXTargetDependency */,
			);
			name = TestRealmTests;
			productName = TestRealmTests;
			productReference = 2C047A7F22D5377300EF0C2B /* TestRealmTests.xctest */;
			productType = "com.apple.product-type.bundle.unit-test";
		};
		2C047A8922D5377300EF0C2B /* TestRealmUITests */ = {
			isa = PBXNativeTarget;
			buildConfigurationList = 2C047A9922D5377300EF0C2B /* Build configuration list for PBXNativeTarget "TestRealmUITests" */;
			buildPhases = (
				30B66FDD5C98A2E6FCD3CCB2 /* [CP] Check Pods Manifest.lock */,
				2C047A8622D5377300EF0C2B /* Sources */,
				2C047A8722D5377300EF0C2B /* Frameworks */,
				2C047A8822D5377300EF0C2B /* Resources */,
			);
			buildRules = (
			);
			dependencies = (
				2C047A8C22D5377300EF0C2B /* PBXTargetDependency */,
			);
			name = TestRealmUITests;
			productName = TestRealmUITests;
			productReference = 2C047A8A22D5377300EF0C2B /* TestRealmUITests.xctest */;
			productType = "com.apple.product-type.bundle.ui-testing";
		};
/* End PBXNativeTarget section */

/* Begin PBXProject section */
		2C047A6322D5377200EF0C2B /* Project object */ = {
			isa = PBXProject;
			attributes = {
				LastSwiftUpdateCheck = 1020;
				LastUpgradeCheck = 1020;
				ORGANIZATIONNAME = "Dante Solorio";
				TargetAttributes = {
					2C047A6A22D5377200EF0C2B = {
						CreatedOnToolsVersion = 10.2.1;
					};
					2C047A7E22D5377300EF0C2B = {
						CreatedOnToolsVersion = 10.2.1;
						TestTargetID = 2C047A6A22D5377200EF0C2B;
					};
					2C047A8922D5377300EF0C2B = {
						CreatedOnToolsVersion = 10.2.1;
						TestTargetID = 2C047A6A22D5377200EF0C2B;
					};
				};
			};
			buildConfigurationList = 2C047A6622D5377200EF0C2B /* Build configuration list for PBXProject "TestRealm" */;
			compatibilityVersion = "Xcode 9.3";
			developmentRegion = en;
			hasScannedForEncodings = 0;
			knownRegions = (
				en,
				Base,
			);
			mainGroup = 2C047A6222D5377200EF0C2B;
			productRefGroup = 2C047A6C22D5377200EF0C2B /* Products */;
			projectDirPath = "";
			projectRoot = "";
			targets = (
				2C047A6A22D5377200EF0C2B /* TestRealm */,
				2C047A7E22D5377300EF0C2B /* TestRealmTests */,
				2C047A8922D5377300EF0C2B /* TestRealmUITests */,
			);
		};
/* End PBXProject section */

/* Begin PBXResourcesBuildPhase section */
		2C047A6922D5377200EF0C2B /* Resources */ = {
			isa = PBXResourcesBuildPhase;
			buildActionMask = 2147483647;
			files = (
				2C047A7922D5377300EF0C2B /* LaunchScreen.storyboard in Resources */,
				2C047A7622D5377300EF0C2B /* Assets.xcassets in Resources */,
				2C047A7422D5377200EF0C2B /* Main.storyboard in Resources */,
			);
			runOnlyForDeploymentPostprocessing = 0;
		};
		2C047A7D22D5377300EF0C2B /* Resources */ = {
			isa = PBXResourcesBuildPhase;
			buildActionMask = 2147483647;
			files = (
			);
			runOnlyForDeploymentPostprocessing = 0;
		};
		2C047A8822D5377300EF0C2B /* Resources */ = {
			isa = PBXResourcesBuildPhase;
			buildActionMask = 2147483647;
			files = (
			);
			runOnlyForDeploymentPostprocessing = 0;
		};
/* End PBXResourcesBuildPhase section */

/* Begin PBXShellScriptBuildPhase section */
		2512A26C35D97B81A4979EDC /* [CP] Check Pods Manifest.lock */ = {
			isa = PBXShellScriptBuildPhase;
			buildActionMask = 2147483647;
			files = (
			);
			inputPaths = (
				"${PODS_PODFILE_DIR_PATH}/Podfile.lock",
				"${PODS_ROOT}/Manifest.lock",
			);
			name = "[CP] Check Pods Manifest.lock";
			outputPaths = (
				"$(DERIVED_FILE_DIR)/Pods-TestRealm-checkManifestLockResult.txt",
			);
			runOnlyForDeploymentPostprocessing = 0;
			shellPath = /bin/sh;
			shellScript = "diff \"${PODS_PODFILE_DIR_PATH}/Podfile.lock\" \"${PODS_ROOT}/Manifest.lock\" > /dev/null\nif [ $? != 0 ] ; then\n    # print error to STDERR\n    echo \"error: The sandbox is not in sync with the Podfile.lock. Run 'pod install' or update your CocoaPods installation.\" >&2\n    exit 1\nfi\n# This output is used by Xcode 'outputs' to avoid re-running this script phase.\necho \"SUCCESS\" > \"${SCRIPT_OUTPUT_FILE_0}\"\n";
			showEnvVarsInLog = 0;
		};
		30B66FDD5C98A2E6FCD3CCB2 /* [CP] Check Pods Manifest.lock */ = {
			isa = PBXShellScriptBuildPhase;
			buildActionMask = 2147483647;
			files = (
			);
			inputPaths = (
				"${PODS_PODFILE_DIR_PATH}/Podfile.lock",
				"${PODS_ROOT}/Manifest.lock",
			);
			name = "[CP] Check Pods Manifest.lock";
			outputPaths = (
				"$(DERIVED_FILE_DIR)/Pods-TestRealmUITests-checkManifestLockResult.txt",
			);
			runOnlyForDeploymentPostprocessing = 0;
			shellPath = /bin/sh;
			shellScript = "diff \"${PODS_PODFILE_DIR_PATH}/Podfile.lock\" \"${PODS_ROOT}/Manifest.lock\" > /dev/null\nif [ $? != 0 ] ; then\n    # print error to STDERR\n    echo \"error: The sandbox is not in sync with the Podfile.lock. Run 'pod install' or update your CocoaPods installation.\" >&2\n    exit 1\nfi\n# This output is used by Xcode 'outputs' to avoid re-running this script phase.\necho \"SUCCESS\" > \"${SCRIPT_OUTPUT_FILE_0}\"\n";
			showEnvVarsInLog = 0;
		};
		E9277F2152AE23AAD61C4B8A /* [CP] Check Pods Manifest.lock */ = {
			isa = PBXShellScriptBuildPhase;
			buildActionMask = 2147483647;
			files = (
			);
			inputPaths = (
				"${PODS_PODFILE_DIR_PATH}/Podfile.lock",
				"${PODS_ROOT}/Manifest.lock",
			);
			name = "[CP] Check Pods Manifest.lock";
			outputPaths = (
				"$(DERIVED_FILE_DIR)/Pods-TestRealmTests-checkManifestLockResult.txt",
			);
			runOnlyForDeploymentPostprocessing = 0;
			shellPath = /bin/sh;
			shellScript = "diff \"${PODS_PODFILE_DIR_PATH}/Podfile.lock\" \"${PODS_ROOT}/Manifest.lock\" > /dev/null\nif [ $? != 0 ] ; then\n    # print error to STDERR\n    echo \"error: The sandbox is not in sync with the Podfile.lock. Run 'pod install' or update your CocoaPods installation.\" >&2\n    exit 1\nfi\n# This output is used by Xcode 'outputs' to avoid re-running this script phase.\necho \"SUCCESS\" > \"${SCRIPT_OUTPUT_FILE_0}\"\n";
			showEnvVarsInLog = 0;
		};
		F7AA149BE66AB461AB0DC1D9 /* [CP] Embed Pods Frameworks */ = {
			isa = PBXShellScriptBuildPhase;
			buildActionMask = 2147483647;
			files = (
			);
			inputPaths = (
				"${SRCROOT}/Pods/Target Support Files/Pods-TestRealm/Pods-TestRealm-frameworks.sh",
				"${BUILT_PRODUCTS_DIR}/Realm/Realm.framework",
				"${BUILT_PRODUCTS_DIR}/RealmSwift/RealmSwift.framework",
			);
			name = "[CP] Embed Pods Frameworks";
			outputPaths = (
				"${TARGET_BUILD_DIR}/${FRAMEWORKS_FOLDER_PATH}/Realm.framework",
				"${TARGET_BUILD_DIR}/${FRAMEWORKS_FOLDER_PATH}/RealmSwift.framework",
			);
			runOnlyForDeploymentPostprocessing = 0;
			shellPath = /bin/sh;
			shellScript = "\"${SRCROOT}/Pods/Target Support Files/Pods-TestRealm/Pods-TestRealm-frameworks.sh\"\n";
			showEnvVarsInLog = 0;
		};
/* End PBXShellScriptBuildPhase section */

/* Begin PBXSourcesBuildPhase section */
		2C047A6722D5377200EF0C2B /* Sources */ = {
			isa = PBXSourcesBuildPhase;
			buildActionMask = 2147483647;
			files = (
				2C047A7122D5377200EF0C2B /* ViewController.swift in Sources */,
				2C047A6F22D5377200EF0C2B /* AppDelegate.swift in Sources */,
				2C474D2D22D53AA5009F1A77 /* User.swift in Sources */,
				2C474D2F22D53B77009F1A77 /* Todo.swift in Sources */,
				2C5A011422D596F800FDC49B /* RealmProvider.swift in Sources */,
			);
			runOnlyForDeploymentPostprocessing = 0;
		};
		2C047A7B22D5377300EF0C2B /* Sources */ = {
			isa = PBXSourcesBuildPhase;
			buildActionMask = 2147483647;
			files = (
				2C047A8422D5377300EF0C2B /* TestRealmTests.swift in Sources */,
			);
			runOnlyForDeploymentPostprocessing = 0;
		};
		2C047A8622D5377300EF0C2B /* Sources */ = {
			isa = PBXSourcesBuildPhase;
			buildActionMask = 2147483647;
			files = (
				2C047A8F22D5377300EF0C2B /* TestRealmUITests.swift in Sources */,
			);
			runOnlyForDeploymentPostprocessing = 0;
		};
/* End PBXSourcesBuildPhase section */

/* Begin PBXTargetDependency section */
		2C047A8122D5377300EF0C2B /* PBXTargetDependency */ = {
			isa = PBXTargetDependency;
			target = 2C047A6A22D5377200EF0C2B /* TestRealm */;
			targetProxy = 2C047A8022D5377300EF0C2B /* PBXContainerItemProxy */;
		};
		2C047A8C22D5377300EF0C2B /* PBXTargetDependency */ = {
			isa = PBXTargetDependency;
			target = 2C047A6A22D5377200EF0C2B /* TestRealm */;
			targetProxy = 2C047A8B22D5377300EF0C2B /* PBXContainerItemProxy */;
		};
/* End PBXTargetDependency section */

/* Begin PBXVariantGroup section */
		2C047A7222D5377200EF0C2B /* Main.storyboard */ = {
			isa = PBXVariantGroup;
			children = (
				2C047A7322D5377200EF0C2B /* Base */,
			);
			name = Main.storyboard;
			sourceTree = "<group>";
		};
		2C047A7722D5377300EF0C2B /* LaunchScreen.storyboard */ = {
			isa = PBXVariantGroup;
			children = (
				2C047A7822D5377300EF0C2B /* Base */,
			);
			name = LaunchScreen.storyboard;
			sourceTree = "<group>";
		};
/* End PBXVariantGroup section */

/* Begin XCBuildConfiguration section */
		2C047A9122D5377300EF0C2B /* Debug */ = {
			isa = XCBuildConfiguration;
			buildSettings = {
				ALWAYS_SEARCH_USER_PATHS = NO;
				CLANG_ANALYZER_NONNULL = YES;
				CLANG_ANALYZER_NUMBER_OBJECT_CONVERSION = YES_AGGRESSIVE;
				CLANG_CXX_LANGUAGE_STANDARD = "gnu++14";
				CLANG_CXX_LIBRARY = "libc++";
				CLANG_ENABLE_MODULES = YES;
				CLANG_ENABLE_OBJC_ARC = YES;
				CLANG_ENABLE_OBJC_WEAK = YES;
				CLANG_WARN_BLOCK_CAPTURE_AUTORELEASING = YES;
				CLANG_WARN_BOOL_CONVERSION = YES;
				CLANG_WARN_COMMA = YES;
				CLANG_WARN_CONSTANT_CONVERSION = YES;
				CLANG_WARN_DEPRECATED_OBJC_IMPLEMENTATIONS = YES;
				CLANG_WARN_DIRECT_OBJC_ISA_USAGE = YES_ERROR;
				CLANG_WARN_DOCUMENTATION_COMMENTS = YES;
				CLANG_WARN_EMPTY_BODY = YES;
				CLANG_WARN_ENUM_CONVERSION = YES;
				CLANG_WARN_INFINITE_RECURSION = YES;
				CLANG_WARN_INT_CONVERSION = YES;
				CLANG_WARN_NON_LITERAL_NULL_CONVERSION = YES;
				CLANG_WARN_OBJC_IMPLICIT_RETAIN_SELF = YES;
				CLANG_WARN_OBJC_LITERAL_CONVERSION = YES;
				CLANG_WARN_OBJC_ROOT_CLASS = YES_ERROR;
				CLANG_WARN_RANGE_LOOP_ANALYSIS = YES;
				CLANG_WARN_STRICT_PROTOTYPES = YES;
				CLANG_WARN_SUSPICIOUS_MOVE = YES;
				CLANG_WARN_UNGUARDED_AVAILABILITY = YES_AGGRESSIVE;
				CLANG_WARN_UNREACHABLE_CODE = YES;
				CLANG_WARN__DUPLICATE_METHOD_MATCH = YES;
				CODE_SIGN_IDENTITY = "iPhone Developer";
				COPY_PHASE_STRIP = NO;
				DEBUG_INFORMATION_FORMAT = dwarf;
				ENABLE_STRICT_OBJC_MSGSEND = YES;
				ENABLE_TESTABILITY = YES;
				GCC_C_LANGUAGE_STANDARD = gnu11;
				GCC_DYNAMIC_NO_PIC = NO;
				GCC_NO_COMMON_BLOCKS = YES;
				GCC_OPTIMIZATION_LEVEL = 0;
				GCC_PREPROCESSOR_DEFINITIONS = (
					"DEBUG=1",
					"$(inherited)",
				);
				GCC_WARN_64_TO_32_BIT_CONVERSION = YES;
				GCC_WARN_ABOUT_RETURN_TYPE = YES_ERROR;
				GCC_WARN_UNDECLARED_SELECTOR = YES;
				GCC_WARN_UNINITIALIZED_AUTOS = YES_AGGRESSIVE;
				GCC_WARN_UNUSED_FUNCTION = YES;
				GCC_WARN_UNUSED_VARIABLE = YES;
				IPHONEOS_DEPLOYMENT_TARGET = 12.2;
				MTL_ENABLE_DEBUG_INFO = INCLUDE_SOURCE;
				MTL_FAST_MATH = YES;
				ONLY_ACTIVE_ARCH = YES;
				SDKROOT = iphoneos;
				SWIFT_ACTIVE_COMPILATION_CONDITIONS = DEBUG;
				SWIFT_OPTIMIZATION_LEVEL = "-Onone";
			};
			name = Debug;
		};
		2C047A9222D5377300EF0C2B /* Release */ = {
			isa = XCBuildConfiguration;
			buildSettings = {
				ALWAYS_SEARCH_USER_PATHS = NO;
				CLANG_ANALYZER_NONNULL = YES;
				CLANG_ANALYZER_NUMBER_OBJECT_CONVERSION = YES_AGGRESSIVE;
				CLANG_CXX_LANGUAGE_STANDARD = "gnu++14";
				CLANG_CXX_LIBRARY = "libc++";
				CLANG_ENABLE_MODULES = YES;
				CLANG_ENABLE_OBJC_ARC = YES;
				CLANG_ENABLE_OBJC_WEAK = YES;
				CLANG_WARN_BLOCK_CAPTURE_AUTORELEASING = YES;
				CLANG_WARN_BOOL_CONVERSION = YES;
				CLANG_WARN_COMMA = YES;
				CLANG_WARN_CONSTANT_CONVERSION = YES;
				CLANG_WARN_DEPRECATED_OBJC_IMPLEMENTATIONS = YES;
				CLANG_WARN_DIRECT_OBJC_ISA_USAGE = YES_ERROR;
				CLANG_WARN_DOCUMENTATION_COMMENTS = YES;
				CLANG_WARN_EMPTY_BODY = YES;
				CLANG_WARN_ENUM_CONVERSION = YES;
				CLANG_WARN_INFINITE_RECURSION = YES;
				CLANG_WARN_INT_CONVERSION = YES;
				CLANG_WARN_NON_LITERAL_NULL_CONVERSION = YES;
				CLANG_WARN_OBJC_IMPLICIT_RETAIN_SELF = YES;
				CLANG_WARN_OBJC_LITERAL_CONVERSION = YES;
				CLANG_WARN_OBJC_ROOT_CLASS = YES_ERROR;
				CLANG_WARN_RANGE_LOOP_ANALYSIS = YES;
				CLANG_WARN_STRICT_PROTOTYPES = YES;
				CLANG_WARN_SUSPICIOUS_MOVE = YES;
				CLANG_WARN_UNGUARDED_AVAILABILITY = YES_AGGRESSIVE;
				CLANG_WARN_UNREACHABLE_CODE = YES;
				CLANG_WARN__DUPLICATE_METHOD_MATCH = YES;
				CODE_SIGN_IDENTITY = "iPhone Developer";
				COPY_PHASE_STRIP = NO;
				DEBUG_INFORMATION_FORMAT = "dwarf-with-dsym";
				ENABLE_NS_ASSERTIONS = NO;
				ENABLE_STRICT_OBJC_MSGSEND = YES;
				GCC_C_LANGUAGE_STANDARD = gnu11;
				GCC_NO_COMMON_BLOCKS = YES;
				GCC_WARN_64_TO_32_BIT_CONVERSION = YES;
				GCC_WARN_ABOUT_RETURN_TYPE = YES_ERROR;
				GCC_WARN_UNDECLARED_SELECTOR = YES;
				GCC_WARN_UNINITIALIZED_AUTOS = YES_AGGRESSIVE;
				GCC_WARN_UNUSED_FUNCTION = YES;
				GCC_WARN_UNUSED_VARIABLE = YES;
				IPHONEOS_DEPLOYMENT_TARGET = 12.2;
				MTL_ENABLE_DEBUG_INFO = NO;
				MTL_FAST_MATH = YES;
				SDKROOT = iphoneos;
				SWIFT_COMPILATION_MODE = wholemodule;
				SWIFT_OPTIMIZATION_LEVEL = "-O";
				VALIDATE_PRODUCT = YES;
			};
			name = Release;
		};
		2C047A9422D5377300EF0C2B /* Debug */ = {
			isa = XCBuildConfiguration;
			baseConfigurationReference = 967D39D12C9A3454C47C4618 /* Pods-TestRealm.debug.xcconfig */;
			buildSettings = {
				ASSETCATALOG_COMPILER_APPICON_NAME = AppIcon;
				CODE_SIGN_STYLE = Automatic;
				INFOPLIST_FILE = TestRealm/Info.plist;
				LD_RUNPATH_SEARCH_PATHS = (
					"$(inherited)",
					"@executable_path/Frameworks",
				);
				PRODUCT_BUNDLE_IDENTIFIER = com.dasoga.TestRealm;
				PRODUCT_NAME = "$(TARGET_NAME)";
				SWIFT_VERSION = 5.0;
				TARGETED_DEVICE_FAMILY = "1,2";
			};
			name = Debug;
		};
		2C047A9522D5377300EF0C2B /* Release */ = {
			isa = XCBuildConfiguration;
			baseConfigurationReference = 34CD667EA471F404ECB5DCBD /* Pods-TestRealm.release.xcconfig */;
			buildSettings = {
				ASSETCATALOG_COMPILER_APPICON_NAME = AppIcon;
				CODE_SIGN_STYLE = Automatic;
				INFOPLIST_FILE = TestRealm/Info.plist;
				LD_RUNPATH_SEARCH_PATHS = (
					"$(inherited)",
					"@executable_path/Frameworks",
				);
				PRODUCT_BUNDLE_IDENTIFIER = com.dasoga.TestRealm;
				PRODUCT_NAME = "$(TARGET_NAME)";
				SWIFT_VERSION = 5.0;
				TARGETED_DEVICE_FAMILY = "1,2";
			};
			name = Release;
		};
		2C047A9722D5377300EF0C2B /* Debug */ = {
			isa = XCBuildConfiguration;
			baseConfigurationReference = A8BB9EE0A4A9523DADC4A5E6 /* Pods-TestRealmTests.debug.xcconfig */;
			buildSettings = {
				ALWAYS_EMBED_SWIFT_STANDARD_LIBRARIES = YES;
				BUNDLE_LOADER = "$(TEST_HOST)";
				CODE_SIGN_STYLE = Automatic;
				INFOPLIST_FILE = TestRealmTests/Info.plist;
				LD_RUNPATH_SEARCH_PATHS = (
					"$(inherited)",
					"@executable_path/Frameworks",
					"@loader_path/Frameworks",
				);
				PRODUCT_BUNDLE_IDENTIFIER = com.dasoga.TestRealmTests;
				PRODUCT_NAME = "$(TARGET_NAME)";
				SWIFT_VERSION = 5.0;
				TARGETED_DEVICE_FAMILY = "1,2";
				TEST_HOST = "$(BUILT_PRODUCTS_DIR)/TestRealm.app/TestRealm";
			};
			name = Debug;
		};
		2C047A9822D5377300EF0C2B /* Release */ = {
			isa = XCBuildConfiguration;
			baseConfigurationReference = C1C821E0A94A52045BEAB2F5 /* Pods-TestRealmTests.release.xcconfig */;
			buildSettings = {
				ALWAYS_EMBED_SWIFT_STANDARD_LIBRARIES = YES;
				BUNDLE_LOADER = "$(TEST_HOST)";
				CODE_SIGN_STYLE = Automatic;
				INFOPLIST_FILE = TestRealmTests/Info.plist;
				LD_RUNPATH_SEARCH_PATHS = (
					"$(inherited)",
					"@executable_path/Frameworks",
					"@loader_path/Frameworks",
				);
				PRODUCT_BUNDLE_IDENTIFIER = com.dasoga.TestRealmTests;
				PRODUCT_NAME = "$(TARGET_NAME)";
				SWIFT_VERSION = 5.0;
				TARGETED_DEVICE_FAMILY = "1,2";
				TEST_HOST = "$(BUILT_PRODUCTS_DIR)/TestRealm.app/TestRealm";
			};
			name = Release;
		};
		2C047A9A22D5377300EF0C2B /* Debug */ = {
			isa = XCBuildConfiguration;
			baseConfigurationReference = D2CC0D525C698A89DF2A6C96 /* Pods-TestRealmUITests.debug.xcconfig */;
			buildSettings = {
				ALWAYS_EMBED_SWIFT_STANDARD_LIBRARIES = YES;
				CODE_SIGN_STYLE = Automatic;
				INFOPLIST_FILE = TestRealmUITests/Info.plist;
				LD_RUNPATH_SEARCH_PATHS = (
					"$(inherited)",
					"@executable_path/Frameworks",
					"@loader_path/Frameworks",
				);
				PRODUCT_BUNDLE_IDENTIFIER = com.dasoga.TestRealmUITests;
				PRODUCT_NAME = "$(TARGET_NAME)";
				SWIFT_VERSION = 5.0;
				TARGETED_DEVICE_FAMILY = "1,2";
				TEST_TARGET_NAME = TestRealm;
			};
			name = Debug;
		};
		2C047A9B22D5377300EF0C2B /* Release */ = {
			isa = XCBuildConfiguration;
			baseConfigurationReference = 252C07F6C5E7F6CE1E7C249B /* Pods-TestRealmUITests.release.xcconfig */;
			buildSettings = {
				ALWAYS_EMBED_SWIFT_STANDARD_LIBRARIES = YES;
				CODE_SIGN_STYLE = Automatic;
				INFOPLIST_FILE = TestRealmUITests/Info.plist;
				LD_RUNPATH_SEARCH_PATHS = (
					"$(inherited)",
					"@executable_path/Frameworks",
					"@loader_path/Frameworks",
				);
				PRODUCT_BUNDLE_IDENTIFIER = com.dasoga.TestRealmUITests;
				PRODUCT_NAME = "$(TARGET_NAME)";
				SWIFT_VERSION = 5.0;
				TARGETED_DEVICE_FAMILY = "1,2";
				TEST_TARGET_NAME = TestRealm;
			};
			name = Release;
		};
/* End XCBuildConfiguration section */

/* Begin XCConfigurationList section */
		2C047A6622D5377200EF0C2B /* Build configuration list for PBXProject "TestRealm" */ = {
			isa = XCConfigurationList;
			buildConfigurations = (
				2C047A9122D5377300EF0C2B /* Debug */,
				2C047A9222D5377300EF0C2B /* Release */,
			);
			defaultConfigurationIsVisible = 0;
			defaultConfigurationName = Release;
		};
		2C047A9322D5377300EF0C2B /* Build configuration list for PBXNativeTarget "TestRealm" */ = {
			isa = XCConfigurationList;
			buildConfigurations = (
				2C047A9422D5377300EF0C2B /* Debug */,
				2C047A9522D5377300EF0C2B /* Release */,
			);
			defaultConfigurationIsVisible = 0;
			defaultConfigurationName = Release;
		};
		2C047A9622D5377300EF0C2B /* Build configuration list for PBXNativeTarget "TestRealmTests" */ = {
			isa = XCConfigurationList;
			buildConfigurations = (
				2C047A9722D5377300EF0C2B /* Debug */,
				2C047A9822D5377300EF0C2B /* Release */,
			);
			defaultConfigurationIsVisible = 0;
			defaultConfigurationName = Release;
		};
		2C047A9922D5377300EF0C2B /* Build configuration list for PBXNativeTarget "TestRealmUITests" */ = {
			isa = XCConfigurationList;
			buildConfigurations = (
				2C047A9A22D5377300EF0C2B /* Debug */,
				2C047A9B22D5377300EF0C2B /* Release */,
			);
			defaultConfigurationIsVisible = 0;
			defaultConfigurationName = Release;
		};
/* End XCConfigurationList section */
	};
	rootObject = 2C047A6322D5377200EF0C2B /* Project object */;
}
